
Microsoft Visual Studio Solution File, Format Version 12.00
# Visual Studio Version 17
VisualStudioVersion = 17.9.34616.47
MinimumVisualStudioVersion = 10.0.40219.1
Project("{FAE04EC0-301F-11D3-BF4B-00C04F79EFBC}") = "P2_punto02", "P2_punto02.csproj", "{93E5BAE9-6868-49AD-86A5-4AA5F18FBA55}"
EndProject
Global
	GlobalSection(SolutionConfigurationPlatforms) = preSolution
		Debug|Any CPU = Debug|Any CPU
		Release|Any CPU = Release|Any CPU
	EndGlobalSection
	GlobalSection(ProjectConfigurationPlatforms) = postSolution
		{93E5BAE9-6868-49AD-86A5-4AA5F18FBA55}.Debug|Any CPU.ActiveCfg = Debug|Any CPU
		{93E5BAE9-6868-49AD-86A5-4AA5F18FBA55}.Debug|Any CPU.Build.0 = Debug|Any CPU
		{93E5BAE9-6868-49AD-86A5-4AA5F18FBA55}.Release|Any CPU.ActiveCfg = Release|Any CPU
		{93E5BAE9-6868-49AD-86A5-4AA5F18FBA55}.Release|Any CPU.Build.0 = Release|Any CPU
	EndGlobalSection
	GlobalSection(SolutionProperties) = preSolution
		HideSolutionNode = FALSE
	EndGlobalSection
	GlobalSection(ExtensibilityGlobals) = postSolution
		SolutionGuid = {91458DDD-20A3-4273-A4BE-9D53D398FB7D}
	EndGlobalSection
EndGlobal
